
Microsoft Visual Studio Solution File, Format Version 12.00
# Visual Studio Version 17
VisualStudioVersion = 17.1.32228.430
MinimumVisualStudioVersion = 10.0.40219.1
Project("{FAE04EC0-301F-11D3-BF4B-00C04F79EFBC}") = "OpenSiteCore", "OpenSiteCore.csproj", "{2952BCC9-F18F-47DD-9DDD-E566B9E62E51}"
EndProject
Global
	GlobalSection(SolutionConfigurationPlatforms) = preSolution
		Debug|Any CPU = Debug|Any CPU
		Release|Any CPU = Release|Any CPU
	EndGlobalSection
	GlobalSection(ProjectConfigurationPlatforms) = postSolution
		{2952BCC9-F18F-47DD-9DDD-E566B9E62E51}.Debug|Any CPU.ActiveCfg = Debug|Any CPU
		{2952BCC9-F18F-47DD-9DDD-E566B9E62E51}.Debug|Any CPU.Build.0 = Debug|Any CPU
		{2952BCC9-F18F-47DD-9DDD-E566B9E62E51}.Release|Any CPU.ActiveCfg = Release|Any CPU
		{2952BCC9-F18F-47DD-9DDD-E566B9E62E51}.Release|Any CPU.Build.0 = Release|Any CPU
	EndGlobalSection
	GlobalSection(SolutionProperties) = preSolution
		HideSolutionNode = FALSE
	EndGlobalSection
	GlobalSection(ExtensibilityGlobals) = postSolution
		SolutionGuid = {92659DDA-82EA-40D4-9689-9FB344613377}
	EndGlobalSection
EndGlobal
